
Microsoft Visual Studio Solution File, Format Version 12.00
# Visual Studio Version 16
VisualStudioVersion = 16.0.31005.135
MinimumVisualStudioVersion = 10.0.40219.1
Project("{FAE04EC0-301F-11D3-BF4B-00C04F79EFBC}") = "Payments.ElasticSearch", "Payments.ElasticSearch\Payments.ElasticSearch.csproj", "{C73FBC42-CF9A-4A34-9C0D-1B2D60EA5E6B}"
EndProject
Global
	GlobalSection(SolutionConfigurationPlatforms) = preSolution
		Debug|Any CPU = Debug|Any CPU
		Release|Any CPU = Release|Any CPU
	EndGlobalSection
	GlobalSection(ProjectConfigurationPlatforms) = postSolution
		{C73FBC42-CF9A-4A34-9C0D-1B2D60EA5E6B}.Debug|Any CPU.ActiveCfg = Debug|Any CPU
		{C73FBC42-CF9A-4A34-9C0D-1B2D60EA5E6B}.Debug|Any CPU.Build.0 = Debug|Any CPU
		{C73FBC42-CF9A-4A34-9C0D-1B2D60EA5E6B}.Release|Any CPU.ActiveCfg = Release|Any CPU
		{C73FBC42-CF9A-4A34-9C0D-1B2D60EA5E6B}.Release|Any CPU.Build.0 = Release|Any CPU
	EndGlobalSection
	GlobalSection(SolutionProperties) = preSolution
		HideSolutionNode = FALSE
	EndGlobalSection
	GlobalSection(ExtensibilityGlobals) = postSolution
		SolutionGuid = {217FFBDB-71EB-4B34-8DE9-58582C6411CF}
	EndGlobalSection
EndGlobal
